
Microsoft Visual Studio Solution File, Format Version 11.00
# Visual Studio 2010
Project("{FAE04EC0-301F-11D3-BF4B-00C04F79EFBC}") = "Assembly-CSharp", "Assembly-CSharp.csproj", "{7F0B19D1-4066-535E-C66F-3562DE81D452}"
EndProject
Project("{FAE04EC0-301F-11D3-BF4B-00C04F79EFBC}") = "Assembly-CSharp-Editor", "Assembly-CSharp-Editor.csproj", "{7C5B55A0-A6B8-CBB8-CAD2-A499742B0BDC}"
EndProject
Global
	GlobalSection(SolutionConfigurationPlatforms) = preSolution
		Debug|Any CPU = Debug|Any CPU
		Release|Any CPU = Release|Any CPU
	EndGlobalSection
	GlobalSection(ProjectConfigurationPlatforms) = postSolution
		{7F0B19D1-4066-535E-C66F-3562DE81D452}.Debug|Any CPU.ActiveCfg = Debug|Any CPU
		{7F0B19D1-4066-535E-C66F-3562DE81D452}.Debug|Any CPU.Build.0 = Debug|Any CPU
		{7F0B19D1-4066-535E-C66F-3562DE81D452}.Release|Any CPU.ActiveCfg = Release|Any CPU
		{7F0B19D1-4066-535E-C66F-3562DE81D452}.Release|Any CPU.Build.0 = Release|Any CPU
		{7C5B55A0-A6B8-CBB8-CAD2-A499742B0BDC}.Debug|Any CPU.ActiveCfg = Debug|Any CPU
		{7C5B55A0-A6B8-CBB8-CAD2-A499742B0BDC}.Debug|Any CPU.Build.0 = Debug|Any CPU
		{7C5B55A0-A6B8-CBB8-CAD2-A499742B0BDC}.Release|Any CPU.ActiveCfg = Release|Any CPU
		{7C5B55A0-A6B8-CBB8-CAD2-A499742B0BDC}.Release|Any CPU.Build.0 = Release|Any CPU
	EndGlobalSection
	GlobalSection(SolutionProperties) = preSolution
		HideSolutionNode = FALSE
	EndGlobalSection
EndGlobal
